
Microsoft Visual Studio Solution File, Format Version 12.00
# Visual Studio Version 17
VisualStudioVersion = 17.7.34031.279
MinimumVisualStudioVersion = 10.0.40219.1
Project("{FAE04EC0-301F-11D3-BF4B-00C04F79EFBC}") = "NetFlex2", "NetFlex2.csproj", "{4949F88A-D524-4534-B1AA-D3B8552F5C83}"
EndProject
Global
	GlobalSection(SolutionConfigurationPlatforms) = preSolution
		Debug|Any CPU = Debug|Any CPU
		Release|Any CPU = Release|Any CPU
	EndGlobalSection
	GlobalSection(ProjectConfigurationPlatforms) = postSolution
		{4949F88A-D524-4534-B1AA-D3B8552F5C83}.Debug|Any CPU.ActiveCfg = Debug|Any CPU
		{4949F88A-D524-4534-B1AA-D3B8552F5C83}.Debug|Any CPU.Build.0 = Debug|Any CPU
		{4949F88A-D524-4534-B1AA-D3B8552F5C83}.Release|Any CPU.ActiveCfg = Release|Any CPU
		{4949F88A-D524-4534-B1AA-D3B8552F5C83}.Release|Any CPU.Build.0 = Release|Any CPU
	EndGlobalSection
	GlobalSection(SolutionProperties) = preSolution
		HideSolutionNode = FALSE
	EndGlobalSection
	GlobalSection(ExtensibilityGlobals) = postSolution
		SolutionGuid = {5ABF1FA3-43E6-4555-86C2-7CECAB572092}
	EndGlobalSection
EndGlobal
